
Microsoft Visual Studio Solution File, Format Version 12.00
# Visual Studio Version 16
VisualStudioVersion = 16.0.31702.278
MinimumVisualStudioVersion = 10.0.40219.1
Project("{FAE04EC0-301F-11D3-BF4B-00C04F79EFBC}") = "Задание В8", "Задание В8.csproj", "{F5F7A89E-B3CE-44CD-9DEC-AA520DFB1CE4}"
EndProject
Global
	GlobalSection(SolutionConfigurationPlatforms) = preSolution
		Debug|Any CPU = Debug|Any CPU
		Release|Any CPU = Release|Any CPU
	EndGlobalSection
	GlobalSection(ProjectConfigurationPlatforms) = postSolution
		{F5F7A89E-B3CE-44CD-9DEC-AA520DFB1CE4}.Debug|Any CPU.ActiveCfg = Debug|Any CPU
		{F5F7A89E-B3CE-44CD-9DEC-AA520DFB1CE4}.Debug|Any CPU.Build.0 = Debug|Any CPU
		{F5F7A89E-B3CE-44CD-9DEC-AA520DFB1CE4}.Release|Any CPU.ActiveCfg = Release|Any CPU
		{F5F7A89E-B3CE-44CD-9DEC-AA520DFB1CE4}.Release|Any CPU.Build.0 = Release|Any CPU
	EndGlobalSection
	GlobalSection(SolutionProperties) = preSolution
		HideSolutionNode = FALSE
	EndGlobalSection
	GlobalSection(ExtensibilityGlobals) = postSolution
		SolutionGuid = {6F6E4E3B-E348-43F2-BF7D-216540AD8BBF}
	EndGlobalSection
EndGlobal
